github.com/aristanetworks/goarista v0.0.0-20181109020153-5faa74ffbed7/go.mod h1:D/tb0zPVXnP7fmsLZjtdUhSsumbK/ij54UXjjVgMGxQ=
github.com/armon/consul-api v0.0.0-20180202201655-eb2c6b5be1b6/go.mod h1:grANhF5doyWs3UAsr3K4I6qtAmlQcZDesFNEHPZAzj8=
github.com/btcsuite/btcd v0.0.0-20181123190223-3dcf298fed2d/go.mod h1:Dmm/EzmjnCiweXmzRIAiUWCInVmPgjkzgv5k4tVyXiQ=
github.com/cheekybits/genny v1.0.0 h1:uGGa4nei+j20rOSeDeP5Of12XVm7TGUd4dJA9RDitfE=
github.com/cheekybits/genny v1.0.0/go.mod h1:+tQajlRqAUrPI7DOSpB0XAqZYtQakVtB7wXkRAgjxjQ=
github.com/cloudflare/sidh v0.0.0-20181111220428-fc8e6378752b h1:pqwbJdj1rgMkE38tDSNnP97wdMYHzV+Lt/aLL2qw2LQ=
github.com/cloudflare/sidh v0.0.0-20181111220428-fc8e6378752b/go.mod h1:o/DcCuWFr9jFzwO+c3y1hhwqKHHKfJ7HvLhWUwRnqfo=
github.com/coreos/etcd v3.3.10+incompatible/go.mod h1:uF7uidLiAD3TWHmW31ZFd/JWoc32PjwdhPthX9715RE=
github.com/coreos/go-etcd v2.0.0+incompatible/go.mod h1:Jez6KQU2B/sWsbdaef3ED8NzMklzPG4d5KIOhIy30Tk=
github.com/coreos/go-semver v0.2.0/go.mod h1:nnelYz7RCh+5ahJtPPxZlU+153eP4D4r3EedlOD2RNk=
github.com/davecgh/go-spew v1.1.0/go.mod h1:J7Y8YcW2NihsgmVo/mv3lAwl/skON4iLHjSsI+c5H38=
github.com/davecgh/go-spew v1.1.1 h1:vj9j/u1bqnvCEfJOwUhtlOARqs3+rkHYY13jYWTU97c=
github.com/davecgh/go-spew v1.1.1/go.mod h1:J7Y8YcW2NihsgmVo/mv3lAwl/skON4iLHjSsI+c5H38=
github.com/decentraland/auth-go v0.0.0-20181204162844-8a454e3b8d76 h1:AXzcwEky66LNqp5AAYfCBbWNz6L/MzrOwREZnrZgUy0=
github.com/decentraland/auth-go v0.0.0-20181204162844-8a454e3b8d76/go.mod h1:AQzxQSZSMs4gNgZ4Hua66tinFWA7ArEluFoXNSCuc+M=
github.com/deckarep/golang-set v1.7.1/go.mod h1:93vsz/8Wt4joVM7c2AVqh+YRMiUSc14yDtF28KmMOgQ=
github.com/ethereum/go-ethereum v1.8.18/go.mod h1:PwpWDrCLZrV+tfrhqqF6kPknbISMHaJv9Ln3kPCZLwY=
github.com/fsnotify/fsnotify v1.4.7 h1:IXs+QLmnXW2CcXuY+8Mzv/fWEsPGWxqefPtCP5CnV9I=
github.com/fsnotify/fsnotify v1.4.7/go.mod h1:jwhsz4b93w/PPRr/qN1Yymfu8t87LnFCMoQvtojpjFo=
github.com/go-stack/stack v1.8.0/go.mod h1:v0f6uXyyMGvRgIKkXu+yp6POWl0qKG85gN/melR3HDY=
github.com/golang/mock v1.1.1/go.mod h1:oTYuIxOrZwtPieC+H1uAHpcLFnEyAGVDL/k47Jfbm0A=
github.com/golang/mock v1.2.0/go.mod h1:oTYuIxOrZwtPieC+H1uAHpcLFnEyAGVDL/k47Jfbm0A=
github.com/golang/protobuf v1.2.0 h1:P3YflyNX/ehuJFLhxviNdFxQPkGK5cDcApsge1SqnvM=
github.com/golang/protobuf v1.2.0/go.mod h1:6lQm79b+lXiMfvg/cZm0SGofjICqVBUtrP5yJMmIC1U=
github.com/google/go-cmp v0.2.0 h1:+dTQ8DZQJz0Mb/HjFlkptS1FeQ4cWSnN941F8aEG4SQ=
github.com/google/go-cmp v0.2.0/go.mod h1:oXzfMopK8JAjlY9xF4vHSVASa0yLyX7SntLO5aqRK0M=
github.com/google/pprof v0.0.0-20181127221834-b4f47329b966 h1:zpjeU3rN5R22t0iguDarIAL75+2acLnDqGLOiPttMjk=
github.com/google/pprof v0.0.0-20181127221834-b4f47329b966/go.mod h1:zfwlbNMJ+OItoe0UupaVj+oy1omPYYDuagoSzA8v9mc=
github.com/gorilla/websocket v1.4.0 h1:WDFjx/TMzVgy9VdMMQi2K2Emtwi2QcUQsztZ/zLaH/Q=
github.com/gorilla/websocket v1.4.0/go.mod h1:E7qHFY5m1UJ88s3WnNqhKjPHQ0heANvMoAMk2YaljkQ=
github.com/hashicorp/hcl v1.0.0 h1:0Anlzjpi4vEasTeNFn2mLJgTSwt0+6sfsiTG8qcWGx4=
github.com/hashicorp/hcl v1.0.0/go.mod h1:E5yfLk+7swimpb2L/Alb/PJmXilQ/rhwaUYs4T20WEQ=
github.com/hpcloud/tail v1.0.0/go.mod h1:ab1qPbhIpdTxEkNHXyeSf5vhxWSCs/tWer42PpOxQnU=
github.com/ianlancetaylor/demangle v0.0.0-20181102032728-5e5cf60278f6 h1:UDMh68UUwekSh5iP2OMhRRZJiiBccgV7axzUG8vi56c=
github.com/ianlancetaylor/demangle v0.0.0-20181102032728-5e5cf60278f6/go.mod h1:aSSvb/t6k1mPoxDqO4vJh6VOCGPwU4O0C2/Eqndh1Sc=
github.com/konsorten/go-windows-terminal-sequences v1.0.1/go.mod h1:T0+1ngSBFLxvqU3pZ+m/2kptfBszLMUkC4ZK/EgS/cQ=
github.com/kr/pretty v0.1.0/go.mod h1:dAy3ld7l9f0ibDNOQOHHMYYIIbhfbHSm3C4ZsoJORNo=
github.com/kr/pty v1.1.1/go.mod h1:pFQYn66WHrOpPYNljwOMqo10TkYh1fy3cYio2l3bCsQ=
github.com/kr/text v0.1.0/go.mod h1:4Jbv+DJW3UT/LiOwJeYQe1efqtUx/iVham/4vfdArNI=
github.com/lucas-clemente/quic-go v0.7.1-0.20190107031857-6fbe8d563eca h1:nv5CmZSKyhCHfH0q8OoH/AsC9+/eDbhzcX5x4KCpNog=
github.com/lucas-clemente/quic-go v0.7.1-0.20190107031857-6fbe8d563eca/go.mod h1:wuD+2XqEx8G9jtwx5ou2BEYBsE+whgQmlj0Vz/77PrY=
github.com/magiconair/properties v1.8.0 h1:LLgXmsheXeRoUOBOjtwPQCWIYqM/LU1ayDtDePerRcY=
github.com/magiconair/properties v1.8.0/go.mod h1:PppfXfuXeibc/6YijjN8zIbojt8czPbwD3XqdrwzmxQ=
github.com/marten-seemann/qtls v0.0.0-20190110111248-7a090b30c3ab h1:lvZ2cmwBLkk/+bCmmorDsL21c77Hlwt9pVZKaQpReSs=
github.com/marten-seemann/qtls v0.0.0-20190110111248-7a090b30c3ab/go.mod h1:DWDPNN1eWKaT5wsnMz2LR336Zh9hlw/YSRXxqEukrT8=
github.com/mitchellh/mapstructure v1.1.2 h1:fmNYVwqnSfB9mZU6OS2O6GsXM+wcskZDuKQzvN1EDeE=
github.com/mitchellh/mapstructure v1.1.2/go.mod h1:FVVH3fgwuzCH5S8UJGiWEs2h04kUh9fWfEaFds41c1Y=
github.com/newrelic/go-agent v2.1.0+incompatible h1:fCuxXeM4eeIKPbzffOWW6y2Dj+eYfc3yylgNZACZqkM=
github.com/newrelic/go-agent v2.1.0+incompatible/go.mod h1:a8Fv1b/fYhFSReoTU6HDkTYIMZeSVNffmoS726Y0LzQ=
github.com/onsi/ginkgo v1.6.0/go.mod h1:lLunBs/Ym6LB5Z9jYTR76FiuTmxDTDusOGeTQH+WWjE=
github.com/onsi/ginkgo v1.7.0/go.mod h1:lLunBs/Ym6LB5Z9jYTR76FiuTmxDTDusOGeTQH+WWjE=
github.com/onsi/gomega v1.4.3/go.mod h1:ex+gbHU/CVuBBDIJjb2X0qEXbFg53c61hWP/1CpauHY=
github.com/pelletier/go-toml v1.2.0 h1:T5zMGML61Wp+FlcbWjRDT7yAxhJNAiPPLOFECq181zc=
github.com/pelletier/go-toml v1.2.0/go.mod h1:5z9KED0ma1S8pY6P1sdut58dfprrGBbd/94hg7ilaic=
github.com/pions/datachannel v1.0.0 h1:WaWR78JgIn6CiqChtkuZ6eEbf4KZ3i8c6E5pkp0+ICo=
github.com/pions/datachannel v1.0.0/go.mod h1:1paHW6g1jjst80gtFvBYCnMWNMoS8tLS2t+6ZdsdysU=
github.com/pions/datachannel v1.2.0 h1:N12qhHSRVlgBcaal2Hi4skdz7VI4yz6bNC5IJDMzCNw=
github.com/pions/datachannel v1.2.0/go.mod h1:MKPEKJRwX/a9/tyQvcVTUI9szyf8ZuUyZxSA9AVMSro=
github.com/pions/dtls v1.0.1 h1:HAOaQCXL62butEul8Hc4pOMcx/pUC9htdcWEzxG73UU=
github.com/pions/dtls v1.0.1/go.mod h1:T22vu8VCOxNmIrbe3nnM1UdIo3m1Bx5CJNkHyehahLg=
github.com/pions/dtls v1.0.2 h1:VOIp3whGooFWS4X0RBOXaykNORYr05yjs8mlNYqRc+4=
github.com/pions/dtls v1.0.2/go.mod h1:T22vu8VCOxNmIrbe3nnM1UdIo3m1Bx5CJNkHyehahLg=
github.com/pions/dtls v1.1.0 h1:NR/F/+gifVWvFOX/v2rHkIUpJ0UOISAyiS53d19nimU=
github.com/pions/dtls v1.1.0/go.mod h1:OgJcO0SqrDdQzqkCTdAp4xCQlbCmwZtGyhbthbq9zIA=
github.com/pions/pkg v0.0.0-20181115215726-b60cd756f712 h1:ciXO7F7PusyAzW/EZJt01bETgfTxP/BIGoWQ15pBP54=
github.com/pions/pkg v0.0.0-20181115215726-b60cd756f712/go.mod h1:r9wKZs+Xxv2acLspex4CHQiIhFjGK1zGP+nUm/8klXA=
github.com/pions/sctp v1.0.0 h1:ScxSzY867GGr0peNGYqOdw6bPBymM0V9UcbKrsTfeDA=
github.com/pions/sctp v1.0.0/go.mod h1:lamdubZNMS+X5BjlMmsjWrg78Aa87tjYswD7p+AIZhc=
github.com/pions/sctp v1.3.0 h1:FSoWK1yFhNHj7ZLfGw0+h0/YOXqkMR9C58lz59uiTMY=
github.com/pions/sctp v1.3.0/go.mod h1:GZTG/xApE7wdUFEQq2Rmzgxl/+YaB/L1k8xUl1D5bmo=
github.com/pions/sdp v1.1.0 h1:npM9yVuBPNsrZuruizYIHENmMC1FEgzHt1A0LDjBo5Q=
github.com/pions/sdp v1.1.0/go.mod h1:moNMmnVSlx8rBBb39U9t0Rdr7xvMlqiJjHlMESRad5k=
github.com/pions/stun v0.1.0 h1:q2Sh13EV5tGGAAm9BkCemO9SAAIjWAFf6qijwpMOfA4=
github.com/pions/stun v0.1.0/go.mod h1:NW0iSMbGXxYmO5/g6m73x8UlUoZbKN5pyraXOMonyS0=
github.com/pions/transport v0.0.0-20181219213214-cd29ef7d0726/go.mod h1:HLhzI7I0k8TyiQ99hfRZNRf84lG76eaFnZHnVy/wFnM=
github.com/pions/transport v0.0.0-20190110151433-e7cbf7d5f464/go.mod h1:HLhzI7I0k8TyiQ99hfRZNRf84lG76eaFnZHnVy/wFnM=
github.com/pions/transport v0.1.0/go.mod h1:HLhzI7I0k8TyiQ99hfRZNRf84lG76eaFnZHnVy/wFnM=
github.com/pions/webrtc v1.1.1 h1:yVDoXk2sbaJJXIkW79IME2MRg0y/lT4zjOFI+EV0pQI=
github.com/pions/webrtc v1.1.1/go.mod h1:sQhy8101lrrfMDzn8H/9YoCJDLzAgpT05HKVeyupaak=
github.com/pions/webrtc v1.1.2-0.20181205083106-42e9ca948ad0 h1:gdUMMIkKeFPeDmkKAyggMzf4ifYft7O0KB3uo2nVaMU=
github.com/pions/webrtc v1.1.2-0.20181205083106-42e9ca948ad0/go.mod h1:6N2qMMzi6f4OyNlMR51fkIm9O57eg9HzRBesjOidP84=
github.com/pions/webrtc v1.1.2-0.20181212142319-7cc44ba79bba h1:2TmSfn1ghKFSDCpcUuNTpZq7Jd7dEO8R5TkRbcSctME=
github.com/pions/webrtc v1.1.2-0.20181212142319-7cc44ba79bba/go.mod h1:6N2qMMzi6f4OyNlMR51fkIm9O57eg9HzRBesjOidP84=
github.com/pions/webrtc v1.1.2-0.20181220145939-205ac9d678e6 h1:npiZ9DRNf7Bsug+fzqVfGxlqouXYNvuJSc8NBZe9ok0=
github.com/pions/webrtc v1.1.2-0.20181220145939-205ac9d678e6/go.mod h1:6N2qMMzi6f4OyNlMR51fkIm9O57eg9HzRBesjOidP84=
github.com/pions/webrtc v1.1.2-0.20181221064000-6cd617c6d2f4 h1:KwO/HoxV0O+O9l8iyVBe0BDFXVoiRXkh40UAyVF3klA=
github.com/pions/webrtc v1.1.2-0.20181221064000-6cd617c6d2f4/go.mod h1:6N2qMMzi6f4OyNlMR51fkIm9O57eg9HzRBesjOidP84=
github.com/pions/webrtc v1.2.1-0.20181225191611-eec8f43b0c83 h1:QIR9Dlsu+Ugkj5p4F6mal8hT59XHpH6Ml5/eqUCNha0=
github.com/pions/webrtc v1.2.1-0.20181225191611-eec8f43b0c83/go.mod h1:q+XVbLny+RFoPOJx/WwMcPY335xouwcX3SgM9QScBtI=
github.com/pions/webrtc v1.2.1-0.20190113211709-69d41e66dc8b h1:LSr5UYHwgeIoFncXEM4LliEmvALQZv+0Qy89ykceqc0=
github.com/pions/webrtc v1.2.1-0.20190113211709-69d41e66dc8b/go.mod h1:MBw48r1T+i7fJTwEQY2HcYeFWKQBRsiGwlpJHo12X6A=
github.com/pions/webrtc v1.2.1-0.20190121161757-dfafda96cf6e h1:ZAd2l4Ityvgzb5aEgYAHNMD/RnXFsn5QH3m5Mp4ipmo=
github.com/pions/webrtc v1.2.1-0.20190121161757-dfafda96cf6e/go.mod h1:MBw48r1T+i7fJTwEQY2HcYeFWKQBRsiGwlpJHo12X6A=
github.com/pions/webrtc v1.2.1-0.20190124171419-d0148f76dd0e h1:uFNong/dr+hzwBnQCw2rp6phLEh8oSW5qUfVs4fL+30=
github.com/pions/webrtc v1.2.1-0.20190124171419-d0148f76dd0e/go.mod h1:Sj3aO0Iu7X8DXhkGveKcV9zcyxmeKzBPJNkh+UeXzHM=
github.com/pkg/errors v0.8.0 h1:WdK/asTD0HN+q6hsWO3/vpuAkAr+tw6aNJNDFFf0+qw=
github.com/pkg/errors v0.8.0/go.mod h1:bwawxfHBFNV+L2hUp1rHADufV3IMtnDRdf1r5NINEl0=
github.com/pkg/errors v0.8.1 h1:iURUrRGxPUNPdy5/HRSm+Yj6okJ6UtLINN0Q9M4+h3I=
github.com/pkg/errors v0.8.1/go.mod h1:bwawxfHBFNV+L2hUp1rHADufV3IMtnDRdf1r5NINEl0=
github.com/pmezard/go-difflib v1.0.0 h1:4DBwDE0NGyQoBHbLQYPwSUPoCMWR5BEzIk/f1lZbAQM=
github.com/pmezard/go-difflib v1.0.0/go.mod h1:iKH77koFhYxTK1pcRnkKkqfTogsbg7gZNVY4sRDYZ/4=
github.com/rs/cors v1.6.0/go.mod h1:gFx+x8UowdsKA9AchylcLynDq+nNFfI8FkUZdN/jGCU=
github.com/segmentio/ksuid v1.0.2 h1:9yBfKyw4ECGTdALaF09Snw3sLJmYIX6AbPJrAy6MrDc=
github.com/segmentio/ksuid v1.0.2/go.mod h1:BXuJDr2byAiHuQaQtSKoXh1J0YmUDurywOXgB2w+OSU=
github.com/sirupsen/logrus v1.2.0 h1:juTguoYk5qI21pwyTXY3B3Y5cOTH3ZUyZCg1v/mihuo=
github.com/sirupsen/logrus v1.2.0/go.mod h1:LxeOpSwHxABJmUn/MG1IvRgCAasNZTLOkJPxbbu5VWo=
github.com/spf13/afero v1.1.2 h1:m8/z1t7/fwjysjQRYbP0RD+bUIF/8tJwPdEZsI83ACI=
github.com/spf13/afero v1.1.2/go.mod h1:j4pytiNVoe2o6bmDsKpLACNPDBIoEAkihy7loJ1B0CQ=
github.com/spf13/cast v1.3.0 h1:oget//CVOEoFewqQxwr0Ej5yjygnqGkvggSE/gB35Q8=
github.com/spf13/cast v1.3.0/go.mod h1:Qx5cxh0v+4UWYiBimWS+eyWzqEqokIECu5etghLkUJE=
github.com/spf13/jwalterweatherman v1.0.0 h1:XHEdyB+EcvlqZamSM4ZOMGlc93t6AcsBEu9Gc1vn7yk=
github.com/spf13/jwalterweatherman v1.0.0/go.mod h1:cQK4TGJAtQXfYWX+Ddv3mKDzgVb68N+wFjFa4jdeBTo=
github.com/spf13/pflag v1.0.3 h1:zPAT6CGy6wXeQ7NtTnaTerfKOsV6V6F8agHXFiazDkg=
github.com/spf13/pflag v1.0.3/go.mod h1:DYY7MBk1bdzusC3SYhjObp+wFpr4gzcvqqNjLnInEg4=
github.com/spf13/viper v1.3.1 h1:5+8j8FTpnFV4nEImW/ofkzEt8VoOiLXxdYIDsB73T38=
github.com/spf13/viper v1.3.1/go.mod h1:ZiWeW+zYFKm7srdB9IoDzzZXaJaI5eL9QjNiN/DMA2s=
github.com/stretchr/objx v0.1.0/go.mod h1:HFkY916IF+rwdDfMAkV7OtwuqBVzrE8GR6GFx+wExME=
github.com/stretchr/objx v0.1.1/go.mod h1:HFkY916IF+rwdDfMAkV7OtwuqBVzrE8GR6GFx+wExME=
github.com/stretchr/testify v1.2.2 h1:bSDNvY7ZPG5RlJ8otE/7V6gMiyenm9RtJ7IUVIAoJ1w=
github.com/stretchr/testify v1.2.2/go.mod h1:a8OnRcib4nhh0OaRAV+Yts87kKdq0PP7pXfy6kDkUVs=
github.com/stretchr/testify v1.3.0 h1:TivCn/peBQ7UY8ooIcPgZFpTNSz0Q2U6UrFlUfqbe0Q=
github.com/stretchr/testify v1.3.0/go.mod h1:M5WIy9Dh21IEIfnGCwXGc5bZfKNJtfHm1UVUgZn+9EI=
github.com/ugorji/go/codec v0.0.0-20181204163529-d75b2dcb6bc8/go.mod h1:VFNgLljTbGfSG7qAOspJ7OScBnGdDN/yBr0sguwnwf0=
github.com/xordataexchange/crypt v0.0.3-0.20170626215501-b2862e3d0a77/go.mod h1:aYKd//L2LvnjZzWKhF00oedf4jCCReLcmhLdhm1A27Q=
golang.org/x/arch v0.0.0-20181203225421-5a4828bb7045 h1:Pn8fQdvx+z1avAi7fdM2kRYWQNxGlavNDSyzrQg2SsU=
golang.org/x/arch v0.0.0-20181203225421-5a4828bb7045/go.mod h1:cYlCBUl1MsqxdiKgmc4uh7TxZfWSFLOGSRR090WDxt8=
golang.org/x/crypto v0.0.0-20180904163835-0709b304e793/go.mod h1:6SG95UA2DQfeDnfUPMdvaQW0Q7yPrPDi9nlGo2tz2b4=
golang.org/x/crypto v0.0.0-20181203042331-505ab145d0a9 h1:mKdxBk7AujPs8kU4m80U72y/zjbZ3UcXC7dClwKbUI0=
golang.org/x/crypto v0.0.0-20181203042331-505ab145d0a9/go.mod h1:6SG95UA2DQfeDnfUPMdvaQW0Q7yPrPDi9nlGo2tz2b4=
golang.org/x/crypto v0.0.0-20190123085648-057139ce5d2b h1:Elez2XeF2p9uyVj0yEUDqQ56NFcDtcBNkYP7yv8YbUE=
golang.org/x/crypto v0.0.0-20190123085648-057139ce5d2b/go.mod h1:6SG95UA2DQfeDnfUPMdvaQW0Q7yPrPDi9nlGo2tz2b4=
golang.org/x/net v0.0.0-20180906233101-161cd47e91fd/go.mod h1:mL1N/T3taQHkDXs73rZJwtUhF3w3ftmwwsq0BUmARs4=
golang.org/x/net v0.0.0-20181114220301-adae6a3d119a h1:gOpx8G595UYyvj8UK4+OFyY4rx037g3fmfhe5SasG3U=
golang.org/x/net v0.0.0-20181114220301-adae6a3d119a/go.mod h1:mL1N/T3taQHkDXs73rZJwtUhF3w3ftmwwsq0BUmARs4=
golang.org/x/net v0.0.0-20181201002055-351d144fa1fc h1:a3CU5tJYVj92DY2LaA1kUkrsqD5/3mLDhx2NcNqyW+0=
golang.org/x/net v0.0.0-20181201002055-351d144fa1fc/go.mod h1:mL1N/T3taQHkDXs73rZJwtUhF3w3ftmwwsq0BUmARs4=
golang.org/x/net v0.0.0-20181220203305-927f97764cc3 h1:eH6Eip3UpmR+yM/qI9Ijluzb1bNv/cAU/n+6l8tRSis=
golang.org/x/net v0.0.0-20181220203305-927f97764cc3/go.mod h1:mL1N/T3taQHkDXs73rZJwtUhF3w3ftmwwsq0BUmARs4=
golang.org/x/net v0.0.0-20190119204137-ed066c81e75e h1:MDa3fSUp6MdYHouVmCCNz/zaH2a6CRcxY3VhT/K3C5Q=
golang.org/x/net v0.0.0-20190119204137-ed066c81e75e/go.mod h1:mL1N/T3taQHkDXs73rZJwtUhF3w3ftmwwsq0BUmARs4=
golang.org/x/sync v0.0.0-20180314180146-1d60e4601c6f/go.mod h1:RxMgew5VJxzue5/jJTE5uejpjVlOe/izrB70Jof72aM=
golang.org/x/sync v0.0.0-20181108010431-42b317875d0f h1:Bl/8QSvNqXvPGPGXa2z5xUTmV7VDcZyvRZ+QQXkXTZQ=
golang.org/x/sync v0.0.0-20181108010431-42b317875d0f/go.mod h1:RxMgew5VJxzue5/jJTE5uejpjVlOe/izrB70Jof72aM=
golang.org/x/sys v0.0.0-20180905080454-ebe1bf3edb33/go.mod h1:STP8DvDyc/dI5b8T5hshtkjS+E42TnysNCUPdjciGhY=
golang.org/x/sys v0.0.0-20180909124046-d0be0721c37e/go.mod h1:STP8DvDyc/dI5b8T5hshtkjS+E42TnysNCUPdjciGhY=
golang.org/x/sys v0.0.0-20181205085412-a5c9d58dba9a h1:1n5lsVfiQW3yfsRGu98756EH1YthsFqr/5mxHduZW2A=
golang.org/x/sys v0.0.0-20181205085412-a5c9d58dba9a/go.mod h1:STP8DvDyc/dI5b8T5hshtkjS+E42TnysNCUPdjciGhY=
golang.org/x/text v0.3.0 h1:g61tztE5qeGQ89tm6NTjjM9VPIm088od1l6aSorWRWg=
golang.org/x/text v0.3.0/go.mod h1:NqM8EUOU14njkJ3fqMW+pc6Ldnwhi/IjpwHt7yyuwOQ=
gopkg.in/check.v1 v0.0.0-20161208181325-20d25e280405/go.mod h1:Co6ibVJAznAaIkqp8huTwlJQCZ016jof/cbN4VW5Yz0=
gopkg.in/check.v1 v1.0.0-20180628173108-788fd7840127/go.mod h1:Co6ibVJAznAaIkqp8huTwlJQCZ016jof/cbN4VW5Yz0=
gopkg.in/fsnotify.v1 v1.4.7/go.mod h1:Tz8NjZHkW78fSQdbUxIjBTcgA1z1m8ZHf0WmKUhAMys=
gopkg.in/natefinch/npipe.v2 v2.0.0-20160621034901-c1b8fa8bdcce/go.mod h1:5AcXVHNjg+BDxry382+8OKon8SEWiKktQR07RKPsv1c=
gopkg.in/tomb.v1 v1.0.0-20141024135613-dd632973f1e7/go.mod h1:dt/ZhP58zS4L8KSrWDmTeBkI65Dw0HsyUHuEVlX15mw=
gopkg.in/yaml.v2 v2.2.1/go.mod h1:hI93XBmqTisBFMUTm0b8Fm+jr3Dg1NNxqwp+5A1VGuI=
gopkg.in/yaml.v2 v2.2.2 h1:ZCJp+EgiOT7lHqUV2J862kp8Qj64Jo6az82+3Td9dZw=
gopkg.in/yaml.v2 v2.2.2/go.mod h1:hI93XBmqTisBFMUTm0b8Fm+jr3Dg1NNxqwp+5A1VGuI=
gotest.tools v2.2.0+incompatible h1:y0IMTfclpMdsdIbr6uwmJn5/WZ7vFuObxDMdrylFM3A=
gotest.tools v2.2.0+incompatible/go.mod h1:DsYFclhRJ6vuDpmuTbkuFWG+y2sxOXAzmJt81HFBacw=
